{
    "hash": "3a02656bb1bbe61883d3acaa1767f1a2",
    "packages": [
        {
            "package": "EHER/PHPUnit",
            "version": "1.6"
        },
        {
            "package": "alexandresalome/php-selenium",
            "version": "dev-master",
            "source-reference": "1.0.1",
            "commit-date": "1341920360"
        },
        {
            "package": "behat/mink",
            "version": "v1.4.0"
        },
        {
            "package": "behat/mink-browserkit-driver",
            "version": "dev-master",
            "source-reference": "97fa7d67ab5afb13d74515c15ef5c0cab12c0bc0",
            "commit-date": "1341477260"
        },
        {
            "package": "behat/mink-goutte-driver",
            "version": "dev-master",
            "source-reference": "703a365a0f6c15f91f35c1cc30531b9de7f23a6d",
            "commit-date": "1345633817"
        },
        {
            "package": "behat/mink-selenium-driver",
            "version": "dev-master",
            "source-reference": "v1.0.1",
            "commit-date": "1341523098"
        },
        {
            "package": "behat/mink-selenium2-driver",
            "version": "dev-master",
            "source-reference": "baaf9c08bfa4c88b7179b3856197258a63e1b17e",
            "commit-date": "1347895517"
        },
        {
            "package": "behat/mink-zombie-driver",
            "version": "dev-master",
            "source-reference": "da126d693af53daab1c7dd41b0053686fcd5e484",
            "commit-date": "1347616700"
        },
        {
            "package": "fabpot/goutte",
            "version": "dev-master",
            "alias-pretty-version": "1.0.x-dev",
            "alias-version": "1.0.9999999.9999999-dev"
        },
        {
            "package": "fabpot/goutte",
            "version": "dev-master",
            "source-reference": "1d72f22b21b37a8d38ea48e17b34c3afc73dfc46",
            "commit-date": "1346234818"
        },
        {
            "package": "guzzle/common",
            "version": "v2.8.6"
        },
        {
            "package": "guzzle/http",
            "version": "v2.8.6"
        },
        {
            "package": "guzzle/parser",
            "version": "v2.8.6"
        },
        {
            "package": "instaclick/php-webdriver",
            "version": "dev-master",
            "source-reference": "v1.0.6",
            "commit-date": "1345642676"
        },
        {
            "package": "monolog/monolog",
            "version": "dev-master",
            "alias-pretty-version": "1.3.x-dev",
            "alias-version": "1.3.9999999.9999999-dev"
        },
        {
            "package": "monolog/monolog",
            "version": "dev-master",
            "source-reference": "0f3dc95c4a0ed7d17bec237d07af3da6c0c1071a",
            "commit-date": "1347363321"
        },
        {
            "package": "symfony/browser-kit",
            "version": "2.1.x-dev",
            "source-reference": "v2.1.1",
            "commit-date": "1347274422"
        },
        {
            "package": "symfony/console",
            "version": "dev-master",
            "alias-pretty-version": "2.2.x-dev",
            "alias-version": "2.2.9999999.9999999-dev"
        },
        {
            "package": "symfony/console",
            "version": "dev-master",
            "source-reference": "66407046eaee09695c67e694696b7732a69e946b",
            "commit-date": "1347725743"
        },
        {
            "package": "symfony/css-selector",
            "version": "2.1.x-dev",
            "source-reference": "v2.1.0-RC2",
            "commit-date": "1345643321"
        },
        {
            "package": "symfony/dom-crawler",
            "version": "2.1.x-dev",
            "source-reference": "v2.1.1",
            "commit-date": "1347274422"
        },
        {
            "package": "symfony/event-dispatcher",
            "version": "2.1.x-dev",
            "source-reference": "v2.1.1",
            "commit-date": "1347274422"
        },
        {
            "package": "symfony/finder",
            "version": "2.1.x-dev",
            "source-reference": "v2.1.0-RC2",
            "commit-date": "1345643321"
        },
        {
            "package": "symfony/process",
            "version": "2.1.x-dev",
            "source-reference": "v2.1.1",
            "commit-date": "1346330945"
        },
        {
            "package": "symfony/yaml",
            "version": "dev-master",
            "alias-pretty-version": "2.2.x-dev",
            "alias-version": "2.2.9999999.9999999-dev"
        },
        {
            "package": "symfony/yaml",
            "version": "dev-master",
            "source-reference": "826fe43a6e3b330d79e711d2fc02540af8d10f61",
            "commit-date": "1346957130"
        },
        {
            "package": "videlalvaro/php-amqplib",
            "version": "dev-master",
            "source-reference": "258573c6d264ccb06a3a4191bb529320579d21c6",
            "commit-date": "1345726400"
        }
    ],
    "packages-dev": null,
    "aliases": [

    ],
    "minimum-stability": "dev",
    "stability-flags": {
        "behat/mink": 0
    }
}
