{
    "hash": "ee8bad64151eea25eb24cc1797e473d4",
    "packages": [
        {
            "package": "Codeception/Codeception",
            "version": "dev-master",
            "source-reference": "a372f10391d12c4b9859fae6c609be3ecad9aa73",
            "commit-date": "1340666411"
        },
        {
            "package": "EHER/PHPUnit",
            "version": "dev-master",
            "source-reference": "5129a677f272d49f6aee8223aa3a1b5fed2a53b7",
            "commit-date": "1337824928"
        },
        {
            "package": "alexandresalome/php-selenium",
            "version": "dev-master",
            "source-reference": "b1d90ab840449cef066e5bfe5d4cbd0404747773",
            "commit-date": "1340659900"
        },
        {
            "package": "behat/mink",
            "version": "v1.4.0"
        },
        {
            "package": "behat/mink-browserkit-driver",
            "version": "dev-master",
            "source-reference": "b07a3908fed61cd31953ddaa6faeb66767cf9d6e",
            "commit-date": "1339680228"
        },
        {
            "package": "behat/mink-goutte-driver",
            "version": "dev-master",
            "source-reference": "c628f8ca4518f09f71983c3b6b824f85900d596f",
            "commit-date": "1338334118"
        },
        {
            "package": "behat/mink-selenium-driver",
            "version": "dev-master",
            "source-reference": "fbea20b62283846a27e007df2383d93613667740",
            "commit-date": "1338334323"
        },
        {
            "package": "behat/mink-selenium2-driver",
            "version": "dev-master",
            "source-reference": "98517df84a063ae6a4731341ae4edc4f723711cc",
            "commit-date": "1340106885"
        },
        {
            "package": "behat/mink-zombie-driver",
            "version": "dev-master",
            "source-reference": "824a7ce2ce8f6dbfbd929add434e525f2f0c0965",
            "commit-date": "1340050502"
        },
        {
            "package": "fabpot/goutte",
            "version": "dev-master",
            "alias-pretty-version": "1.0.x-dev",
            "alias-version": "1.0.9999999.9999999-dev"
        },
        {
            "package": "fabpot/goutte",
            "version": "dev-master",
            "source-reference": "c2ea8d9a6682d14482e57ede2371001b8a5238d2",
            "commit-date": "1340264258"
        },
        {
            "package": "guzzle/guzzle",
            "version": "v2.6.6"
        },
        {
            "package": "instaclick/php-webdriver",
            "version": "dev-master",
            "source-reference": "2d69d54c5ceca7931a6dfb83a037a166dbc82a16",
            "commit-date": "1337727558"
        },
        {
            "package": "symfony/browser-kit",
            "version": "dev-master",
            "alias-pretty-version": "2.1.x-dev",
            "alias-version": "2.1.9999999.9999999-dev"
        },
        {
            "package": "symfony/browser-kit",
            "version": "dev-master",
            "source-reference": "v2.1.0-BETA1",
            "commit-date": "1337339299"
        },
        {
            "package": "symfony/css-selector",
            "version": "dev-master",
            "alias-pretty-version": "2.1.x-dev",
            "alias-version": "2.1.9999999.9999999-dev"
        },
        {
            "package": "symfony/css-selector",
            "version": "dev-master",
            "source-reference": "v2.1.0-BETA1",
            "commit-date": "1337530597"
        },
        {
            "package": "symfony/dom-crawler",
            "version": "dev-master",
            "alias-pretty-version": "2.1.x-dev",
            "alias-version": "2.1.9999999.9999999-dev"
        },
        {
            "package": "symfony/dom-crawler",
            "version": "dev-master",
            "source-reference": "v2.1.0-BETA1",
            "commit-date": "1337632035"
        },
        {
            "package": "symfony/event-dispatcher",
            "version": "dev-master",
            "alias-pretty-version": "2.1.x-dev",
            "alias-version": "2.1.9999999.9999999-dev"
        },
        {
            "package": "symfony/event-dispatcher",
            "version": "dev-master",
            "source-reference": "v2.1.0-BETA1",
            "commit-date": "1338018513"
        },
        {
            "package": "symfony/finder",
            "version": "dev-master",
            "alias-pretty-version": "2.1.x-dev",
            "alias-version": "2.1.9999999.9999999-dev"
        },
        {
            "package": "symfony/finder",
            "version": "dev-master",
            "source-reference": "v2.1.0-BETA1",
            "commit-date": "1340118982"
        },
        {
            "package": "symfony/process",
            "version": "dev-master",
            "alias-pretty-version": "2.1.x-dev",
            "alias-version": "2.1.9999999.9999999-dev"
        },
        {
            "package": "symfony/process",
            "version": "dev-master",
            "source-reference": "v2.1.0-BETA1",
            "commit-date": "1337882028"
        }
    ],
    "packages-dev": null,
    "aliases": [

    ],
    "minimum-stability": "dev",
    "stability-flags": [

    ]
}
