{
    "_readme": [
        "This file locks the dependencies of your project to a known state",
        "Read more about it at http://getcomposer.org/doc/01-basic-usage.md#composer-lock-the-lock-file",
        "This file is @generated automatically"
    ],
    "hash": "760216d5aa884e9054018c935911ad4a",
    "packages": [

    ],
    "packages-dev": [
        {
            "name": "codeception/c3",
            "version": "2.0.1",
            "source": {
                "type": "git",
                "url": "https://github.com/Codeception/c3.git",
                "reference": "6e016252f3f1a59e86786242a1d7d693ef489f4a"
            },
            "dist": {
                "type": "zip",
                "url": "https://api.github.com/repos/Codeception/c3/zipball/6e016252f3f1a59e86786242a1d7d693ef489f4a",
                "reference": "6e016252f3f1a59e86786242a1d7d693ef489f4a",
                "shasum": ""
            },
            "require": {
                "php": ">=5.4.0"
            },
            "type": "library",
            "autoload": {
                "psr-4": {
                    "Codeception\\c3\\": "."
                }
            },
            "notification-url": "https://packagist.org/downloads/",
            "license": [
                "MIT"
            ],
            "authors": [
                {
                    "name": "Michael Bodnarchuk",
                    "email": "davert.php@resend.cc",
                    "homepage": "http://codegyre.com"
                }
            ],
            "description": "CodeCoverage collector for Codeception",
            "homepage": "http://codeception.com/",
            "keywords": [
                "code coverage",
                "codecoverage"
            ],
            "time": "2014-10-03 01:25:49"
        }
    ],
    "aliases": [

    ],
    "minimum-stability": "stable",
    "stability-flags": [

    ],
    "prefer-stable": false,
    "platform": [

    ],
    "platform-dev": [

    ]
}
